
Microsoft Visual Studio Solution File, Format Version 12.00
# Visual Studio Version 17
VisualStudioVersion = 17.9.34616.47
MinimumVisualStudioVersion = 10.0.40219.1
Project("{FAE04EC0-301F-11D3-BF4B-00C04F79EFBC}") = "PracticaGithub", "PracticaGithub\PracticaGithub.csproj", "{EC032416-EB57-47A7-B06E-9895E211F14E}"
EndProject
Global
	GlobalSection(SolutionConfigurationPlatforms) = preSolution
		Debug|Any CPU = Debug|Any CPU
		Release|Any CPU = Release|Any CPU
	EndGlobalSection
	GlobalSection(ProjectConfigurationPlatforms) = postSolution
		{EC032416-EB57-47A7-B06E-9895E211F14E}.Debug|Any CPU.ActiveCfg = Debug|Any CPU
		{EC032416-EB57-47A7-B06E-9895E211F14E}.Debug|Any CPU.Build.0 = Debug|Any CPU
		{EC032416-EB57-47A7-B06E-9895E211F14E}.Release|Any CPU.ActiveCfg = Release|Any CPU
		{EC032416-EB57-47A7-B06E-9895E211F14E}.Release|Any CPU.Build.0 = Release|Any CPU
	EndGlobalSection
	GlobalSection(SolutionProperties) = preSolution
		HideSolutionNode = FALSE
	EndGlobalSection
	GlobalSection(ExtensibilityGlobals) = postSolution
		SolutionGuid = {64D4976A-DD8A-42FF-A230-CC2130396EAC}
	EndGlobalSection
EndGlobal
